
Microsoft Visual Studio Solution File, Format Version 12.00
# Visual Studio Version 17
VisualStudioVersion = 17.3.32901.215
MinimumVisualStudioVersion = 10.0.40219.1
Project("{FAE04EC0-301F-11D3-BF4B-00C04F79EFBC}") = "LibrarySystemAPI", "LibrarySystemAPI\LibrarySystemAPI.csproj", "{1E9C1232-3F84-475F-8607-C8C29F10ECDB}"
EndProject
Global
	GlobalSection(SolutionConfigurationPlatforms) = preSolution
		Debug|Any CPU = Debug|Any CPU
		Release|Any CPU = Release|Any CPU
	EndGlobalSection
	GlobalSection(ProjectConfigurationPlatforms) = postSolution
		{1E9C1232-3F84-475F-8607-C8C29F10ECDB}.Debug|Any CPU.ActiveCfg = Debug|Any CPU
		{1E9C1232-3F84-475F-8607-C8C29F10ECDB}.Debug|Any CPU.Build.0 = Debug|Any CPU
		{1E9C1232-3F84-475F-8607-C8C29F10ECDB}.Release|Any CPU.ActiveCfg = Release|Any CPU
		{1E9C1232-3F84-475F-8607-C8C29F10ECDB}.Release|Any CPU.Build.0 = Release|Any CPU
	EndGlobalSection
	GlobalSection(SolutionProperties) = preSolution
		HideSolutionNode = FALSE
	EndGlobalSection
	GlobalSection(ExtensibilityGlobals) = postSolution
		SolutionGuid = {3C19E886-8497-4EF7-8C14-5296D8FA87E7}
	EndGlobalSection
EndGlobal
